// !$*UTF8*$!
{
	archiveVersion = 1;
	classes = {
	};
	objectVersion = 52;
	objects = {

/* Begin PBXBuildFile section */
		2D20F44725BB9CFC00269CD9 /* AppDelegate.swift in Sources */ = {isa = PBXBuildFile; fileRef = 2D20F44625BB9CFC00269CD9 /* AppDelegate.swift */; };
		2D20F44925BB9CFC00269CD9 /* SceneDelegate.swift in Sources */ = {isa = PBXBuildFile; fileRef = 2D20F44825BB9CFC00269CD9 /* SceneDelegate.swift */; };
		2D20F44B25BB9CFC00269CD9 /* RootViewController.swift in Sources */ = {isa = PBXBuildFile; fileRef = 2D20F44A25BB9CFC00269CD9 /* RootViewController.swift */; };
		2D20F44E25BB9CFC00269CD9 /* Main.storyboard in Resources */ = {isa = PBXBuildFile; fileRef = 2D20F44C25BB9CFC00269CD9 /* Main.storyboard */; };
		2D20F45025BB9CFE00269CD9 /* Assets.xcassets in Resources */ = {isa = PBXBuildFile; fileRef = 2D20F44F25BB9CFE00269CD9 /* Assets.xcassets */; };
		2D20F45325BB9CFE00269CD9 /* LaunchScreen.storyboard in Resources */ = {isa = PBXBuildFile; fileRef = 2D20F45125BB9CFE00269CD9 /* LaunchScreen.storyboard */; };
		2D20F45E25BB9CFE00269CD9 /* OpenpayExampleTests.swift in Sources */ = {isa = PBXBuildFile; fileRef = 2D20F45D25BB9CFE00269CD9 /* OpenpayExampleTests.swift */; };
		2D20F46925BB9CFE00269CD9 /* OpenpayExampleUITests.swift in Sources */ = {isa = PBXBuildFile; fileRef = 2D20F46825BB9CFE00269CD9 /* OpenpayExampleUITests.swift */; };
		2D20F47D25BBAADB00269CD9 /* DetailViewController.swift in Sources */ = {isa = PBXBuildFile; fileRef = 2D20F47C25BBAADB00269CD9 /* DetailViewController.swift */; };
		2D20F4EF25BE94E200269CD9 /* CustomFormViewController.swift in Sources */ = {isa = PBXBuildFile; fileRef = 2D20F4EE25BE94E200269CD9 /* CustomFormViewController.swift */; };
		2D3042CC268E2EFE00CF1AB7 /* OpenpayKit.xcframework in Frameworks */ = {isa = PBXBuildFile; fileRef = 2D3042CA268E2EF600CF1AB7 /* OpenpayKit.xcframework */; };
		2D3042CD268E2EFE00CF1AB7 /* OpenpayKit.xcframework in Embed Frameworks */ = {isa = PBXBuildFile; fileRef = 2D3042CA268E2EF600CF1AB7 /* OpenpayKit.xcframework */; settings = {ATTRIBUTES = (CodeSignOnCopy, RemoveHeadersOnCopy, ); }; };
		2D4BE42D25BF9129007D2E63 /* CardTokenComplete.swift in Sources */ = {isa = PBXBuildFile; fileRef = 2D4BE42C25BF9129007D2E63 /* CardTokenComplete.swift */; };
		2D4BE43125BF93B4007D2E63 /* ResultViewController.swift in Sources */ = {isa = PBXBuildFile; fileRef = 2D4BE43025BF93B4007D2E63 /* ResultViewController.swift */; };
/* End PBXBuildFile section */

/* Begin PBXContainerItemProxy section */
		2D20F45A25BB9CFE00269CD9 /* PBXContainerItemProxy */ = {
			isa = PBXContainerItemProxy;
			containerPortal = 2D20F43B25BB9CFC00269CD9 /* Project object */;
			proxyType = 1;
			remoteGlobalIDString = 2D20F44225BB9CFC00269CD9;
			remoteInfo = OpenpayExample;
		};
		2D20F46525BB9CFE00269CD9 /* PBXContainerItemProxy */ = {
			isa = PBXContainerItemProxy;
			containerPortal = 2D20F43B25BB9CFC00269CD9 /* Project object */;
			proxyType = 1;
			remoteGlobalIDString = 2D20F44225BB9CFC00269CD9;
			remoteInfo = OpenpayExample;
		};
/* End PBXContainerItemProxy section */

/* Begin PBXCopyFilesBuildPhase section */
		2DDE41B125C0C80C00188C56 /* Embed Frameworks */ = {
			isa = PBXCopyFilesBuildPhase;
			buildActionMask = 2147483647;
			dstPath = "";
			dstSubfolderSpec = 10;
			files = (
				2D3042CD268E2EFE00CF1AB7 /* OpenpayKit.xcframework in Embed Frameworks */,
			);
			name = "Embed Frameworks";
			runOnlyForDeploymentPostprocessing = 0;
		};
/* End PBXCopyFilesBuildPhase section */

/* Begin PBXFileReference section */
		2D20F44325BB9CFC00269CD9 /* OpenpayExample.app */ = {isa = PBXFileReference; explicitFileType = wrapper.application; includeInIndex = 0; path = OpenpayExample.app; sourceTree = BUILT_PRODUCTS_DIR; };
		2D20F44625BB9CFC00269CD9 /* AppDelegate.swift */ = {isa = PBXFileReference; lastKnownFileType = sourcecode.swift; path = AppDelegate.swift; sourceTree = "<group>"; };
		2D20F44825BB9CFC00269CD9 /* SceneDelegate.swift */ = {isa = PBXFileReference; lastKnownFileType = sourcecode.swift; path = SceneDelegate.swift; sourceTree = "<group>"; };
		2D20F44A25BB9CFC00269CD9 /* RootViewController.swift */ = {isa = PBXFileReference; lastKnownFileType = sourcecode.swift; path = RootViewController.swift; sourceTree = "<group>"; };
		2D20F44D25BB9CFC00269CD9 /* Base */ = {isa = PBXFileReference; lastKnownFileType = file.storyboard; name = Base; path = Base.lproj/Main.storyboard; sourceTree = "<group>"; };
		2D20F44F25BB9CFE00269CD9 /* Assets.xcassets */ = {isa = PBXFileReference; lastKnownFileType = folder.assetcatalog; path = Assets.xcassets; sourceTree = "<group>"; };
		2D20F45225BB9CFE00269CD9 /* Base */ = {isa = PBXFileReference; lastKnownFileType = file.storyboard; name = Base; path = Base.lproj/LaunchScreen.storyboard; sourceTree = "<group>"; };
		2D20F45425BB9CFE00269CD9 /* Info.plist */ = {isa = PBXFileReference; lastKnownFileType = text.plist.xml; path = Info.plist; sourceTree = "<group>"; };
		2D20F45925BB9CFE00269CD9 /* OpenpayExampleTests.xctest */ = {isa = PBXFileReference; explicitFileType = wrapper.cfbundle; includeInIndex = 0; path = OpenpayExampleTests.xctest; sourceTree = BUILT_PRODUCTS_DIR; };
		2D20F45D25BB9CFE00269CD9 /* OpenpayExampleTests.swift */ = {isa = PBXFileReference; lastKnownFileType = sourcecode.swift; path = OpenpayExampleTests.swift; sourceTree = "<group>"; };
		2D20F45F25BB9CFE00269CD9 /* Info.plist */ = {isa = PBXFileReference; lastKnownFileType = text.plist.xml; path = Info.plist; sourceTree = "<group>"; };
		2D20F46425BB9CFE00269CD9 /* OpenpayExampleUITests.xctest */ = {isa = PBXFileReference; explicitFileType = wrapper.cfbundle; includeInIndex = 0; path = OpenpayExampleUITests.xctest; sourceTree = BUILT_PRODUCTS_DIR; };
		2D20F46825BB9CFE00269CD9 /* OpenpayExampleUITests.swift */ = {isa = PBXFileReference; lastKnownFileType = sourcecode.swift; path = OpenpayExampleUITests.swift; sourceTree = "<group>"; };
		2D20F46A25BB9CFE00269CD9 /* Info.plist */ = {isa = PBXFileReference; lastKnownFileType = text.plist.xml; path = Info.plist; sourceTree = "<group>"; };
		2D20F47C25BBAADB00269CD9 /* DetailViewController.swift */ = {isa = PBXFileReference; lastKnownFileType = sourcecode.swift; path = DetailViewController.swift; sourceTree = "<group>"; };
		2D20F4B525BE87F100269CD9 /* WebKit.framework */ = {isa = PBXFileReference; lastKnownFileType = wrapper.framework; name = WebKit.framework; path = System/Library/Frameworks/WebKit.framework; sourceTree = SDKROOT; };
		2D20F4EE25BE94E200269CD9 /* CustomFormViewController.swift */ = {isa = PBXFileReference; lastKnownFileType = sourcecode.swift; path = CustomFormViewController.swift; sourceTree = "<group>"; };
		2D3042CA268E2EF600CF1AB7 /* OpenpayKit.xcframework */ = {isa = PBXFileReference; lastKnownFileType = wrapper.xcframework; path = OpenpayKit.xcframework; sourceTree = "<group>"; };
		2D4BE42C25BF9129007D2E63 /* CardTokenComplete.swift */ = {isa = PBXFileReference; lastKnownFileType = sourcecode.swift; path = CardTokenComplete.swift; sourceTree = "<group>"; };
		2D4BE43025BF93B4007D2E63 /* ResultViewController.swift */ = {isa = PBXFileReference; lastKnownFileType = sourcecode.swift; path = ResultViewController.swift; sourceTree = "<group>"; };
/* End PBXFileReference section */

/* Begin PBXFrameworksBuildPhase section */
		2D20F44025BB9CFC00269CD9 /* Frameworks */ = {
			isa = PBXFrameworksBuildPhase;
			buildActionMask = 2147483647;
			files = (
				2D3042CC268E2EFE00CF1AB7 /* OpenpayKit.xcframework in Frameworks */,
			);
			runOnlyForDeploymentPostprocessing = 0;
		};
		2D20F45625BB9CFE00269CD9 /* Frameworks */ = {
			isa = PBXFrameworksBuildPhase;
			buildActionMask = 2147483647;
			files = (
			);
			runOnlyForDeploymentPostprocessing = 0;
		};
		2D20F46125BB9CFE00269CD9 /* Frameworks */ = {
			isa = PBXFrameworksBuildPhase;
			buildActionMask = 2147483647;
			files = (
			);
			runOnlyForDeploymentPostprocessing = 0;
		};
/* End PBXFrameworksBuildPhase section */

/* Begin PBXGroup section */
		2D20F43A25BB9CFC00269CD9 = {
			isa = PBXGroup;
			children = (
				2D20F44525BB9CFC00269CD9 /* OpenpayExample */,
				2D20F45C25BB9CFE00269CD9 /* OpenpayExampleTests */,
				2D20F46725BB9CFE00269CD9 /* OpenpayExampleUITests */,
				2D20F44425BB9CFC00269CD9 /* Products */,
				2D20F4B425BE87F100269CD9 /* Frameworks */,
			);
			sourceTree = "<group>";
		};
		2D20F44425BB9CFC00269CD9 /* Products */ = {
			isa = PBXGroup;
			children = (
				2D20F44325BB9CFC00269CD9 /* OpenpayExample.app */,
				2D20F45925BB9CFE00269CD9 /* OpenpayExampleTests.xctest */,
				2D20F46425BB9CFE00269CD9 /* OpenpayExampleUITests.xctest */,
			);
			name = Products;
			sourceTree = "<group>";
		};
		2D20F44525BB9CFC00269CD9 /* OpenpayExample */ = {
			isa = PBXGroup;
			children = (
				2D20F44625BB9CFC00269CD9 /* AppDelegate.swift */,
				2D20F44825BB9CFC00269CD9 /* SceneDelegate.swift */,
				2D20F44A25BB9CFC00269CD9 /* RootViewController.swift */,
				2D20F44C25BB9CFC00269CD9 /* Main.storyboard */,
				2D3042CA268E2EF600CF1AB7 /* OpenpayKit.xcframework */,
				2D20F44F25BB9CFE00269CD9 /* Assets.xcassets */,
				2D20F45125BB9CFE00269CD9 /* LaunchScreen.storyboard */,
				2D20F45425BB9CFE00269CD9 /* Info.plist */,
				2D20F47C25BBAADB00269CD9 /* DetailViewController.swift */,
				2D20F4EE25BE94E200269CD9 /* CustomFormViewController.swift */,
				2D4BE42C25BF9129007D2E63 /* CardTokenComplete.swift */,
				2D4BE43025BF93B4007D2E63 /* ResultViewController.swift */,
			);
			path = OpenpayExample;
			sourceTree = "<group>";
		};
		2D20F45C25BB9CFE00269CD9 /* OpenpayExampleTests */ = {
			isa = PBXGroup;
			children = (
				2D20F45D25BB9CFE00269CD9 /* OpenpayExampleTests.swift */,
				2D20F45F25BB9CFE00269CD9 /* Info.plist */,
			);
			path = OpenpayExampleTests;
			sourceTree = "<group>";
		};
		2D20F46725BB9CFE00269CD9 /* OpenpayExampleUITests */ = {
			isa = PBXGroup;
			children = (
				2D20F46825BB9CFE00269CD9 /* OpenpayExampleUITests.swift */,
				2D20F46A25BB9CFE00269CD9 /* Info.plist */,
			);
			path = OpenpayExampleUITests;
			sourceTree = "<group>";
		};
		2D20F4B425BE87F100269CD9 /* Frameworks */ = {
			isa = PBXGroup;
			children = (
				2D20F4B525BE87F100269CD9 /* WebKit.framework */,
			);
			name = Frameworks;
			sourceTree = "<group>";
		};
/* End PBXGroup section */

/* Begin PBXNativeTarget section */
		2D20F44225BB9CFC00269CD9 /* OpenpayExample */ = {
			isa = PBXNativeTarget;
			buildConfigurationList = 2D20F46D25BB9CFE00269CD9 /* Build configuration list for PBXNativeTarget "OpenpayExample" */;
			buildPhases = (
				2D20F43F25BB9CFC00269CD9 /* Sources */,
				2D20F44025BB9CFC00269CD9 /* Frameworks */,
				2D20F44125BB9CFC00269CD9 /* Resources */,
				2DDE41B125C0C80C00188C56 /* Embed Frameworks */,
			);
			buildRules = (
			);
			dependencies = (
			);
			name = OpenpayExample;
			productName = OpenpayExample;
			productReference = 2D20F44325BB9CFC00269CD9 /* OpenpayExample.app */;
			productType = "com.apple.product-type.application";
		};
		2D20F45825BB9CFE00269CD9 /* OpenpayExampleTests */ = {
			isa = PBXNativeTarget;
			buildConfigurationList = 2D20F47025BB9CFE00269CD9 /* Build configuration list for PBXNativeTarget "OpenpayExampleTests" */;
			buildPhases = (
				2D20F45525BB9CFE00269CD9 /* Sources */,
				2D20F45625BB9CFE00269CD9 /* Frameworks */,
				2D20F45725BB9CFE00269CD9 /* Resources */,
			);
			buildRules = (
			);
			dependencies = (
				2D20F45B25BB9CFE00269CD9 /* PBXTargetDependency */,
			);
			name = OpenpayExampleTests;
			productName = OpenpayExampleTests;
			productReference = 2D20F45925BB9CFE00269CD9 /* OpenpayExampleTests.xctest */;
			productType = "com.apple.product-type.bundle.unit-test";
		};
		2D20F46325BB9CFE00269CD9 /* OpenpayExampleUITests */ = {
			isa = PBXNativeTarget;
			buildConfigurationList = 2D20F47325BB9CFE00269CD9 /* Build configuration list for PBXNativeTarget "OpenpayExampleUITests" */;
			buildPhases = (
				2D20F46025BB9CFE00269CD9 /* Sources */,
				2D20F46125BB9CFE00269CD9 /* Frameworks */,
				2D20F46225BB9CFE00269CD9 /* Resources */,
			);
			buildRules = (
			);
			dependencies = (
				2D20F46625BB9CFE00269CD9 /* PBXTargetDependency */,
			);
			name = OpenpayExampleUITests;
			productName = OpenpayExampleUITests;
			productReference = 2D20F46425BB9CFE00269CD9 /* OpenpayExampleUITests.xctest */;
			productType = "com.apple.product-type.bundle.ui-testing";
		};
/* End PBXNativeTarget section */

/* Begin PBXProject section */
		2D20F43B25BB9CFC00269CD9 /* Project object */ = {
			isa = PBXProject;
			attributes = {
				LastSwiftUpdateCheck = 1230;
				LastUpgradeCheck = 1230;
				TargetAttributes = {
					2D20F44225BB9CFC00269CD9 = {
						CreatedOnToolsVersion = 12.3;
					};
					2D20F45825BB9CFE00269CD9 = {
						CreatedOnToolsVersion = 12.3;
						TestTargetID = 2D20F44225BB9CFC00269CD9;
					};
					2D20F46325BB9CFE00269CD9 = {
						CreatedOnToolsVersion = 12.3;
						TestTargetID = 2D20F44225BB9CFC00269CD9;
					};
				};
			};
			buildConfigurationList = 2D20F43E25BB9CFC00269CD9 /* Build configuration list for PBXProject "OpenpayExample" */;
			compatibilityVersion = "Xcode 9.3";
			developmentRegion = en;
			hasScannedForEncodings = 0;
			knownRegions = (
				en,
				Base,
			);
			mainGroup = 2D20F43A25BB9CFC00269CD9;
			productRefGroup = 2D20F44425BB9CFC00269CD9 /* Products */;
			projectDirPath = "";
			projectRoot = "";
			targets = (
				2D20F44225BB9CFC00269CD9 /* OpenpayExample */,
				2D20F45825BB9CFE00269CD9 /* OpenpayExampleTests */,
				2D20F46325BB9CFE00269CD9 /* OpenpayExampleUITests */,
			);
		};
/* End PBXProject section */

/* Begin PBXResourcesBuildPhase section */
		2D20F44125BB9CFC00269CD9 /* Resources */ = {
			isa = PBXResourcesBuildPhase;
			buildActionMask = 2147483647;
			files = (
				2D20F45325BB9CFE00269CD9 /* LaunchScreen.storyboard in Resources */,
				2D20F45025BB9CFE00269CD9 /* Assets.xcassets in Resources */,
				2D20F44E25BB9CFC00269CD9 /* Main.storyboard in Resources */,
			);
			runOnlyForDeploymentPostprocessing = 0;
		};
		2D20F45725BB9CFE00269CD9 /* Resources */ = {
			isa = PBXResourcesBuildPhase;
			buildActionMask = 2147483647;
			files = (
			);
			runOnlyForDeploymentPostprocessing = 0;
		};
		2D20F46225BB9CFE00269CD9 /* Resources */ = {
			isa = PBXResourcesBuildPhase;
			buildActionMask = 2147483647;
			files = (
			);
			runOnlyForDeploymentPostprocessing = 0;
		};
/* End PBXResourcesBuildPhase section */

/* Begin PBXSourcesBuildPhase section */
		2D20F43F25BB9CFC00269CD9 /* Sources */ = {
			isa = PBXSourcesBuildPhase;
			buildActionMask = 2147483647;
			files = (
				2D20F44B25BB9CFC00269CD9 /* RootViewController.swift in Sources */,
				2D20F44725BB9CFC00269CD9 /* AppDelegate.swift in Sources */,
				2D4BE43125BF93B4007D2E63 /* ResultViewController.swift in Sources */,
				2D20F44925BB9CFC00269CD9 /* SceneDelegate.swift in Sources */,
				2D20F47D25BBAADB00269CD9 /* DetailViewController.swift in Sources */,
				2D4BE42D25BF9129007D2E63 /* CardTokenComplete.swift in Sources */,
				2D20F4EF25BE94E200269CD9 /* CustomFormViewController.swift in Sources */,
			);
			runOnlyForDeploymentPostprocessing = 0;
		};
		2D20F45525BB9CFE00269CD9 /* Sources */ = {
			isa = PBXSourcesBuildPhase;
			buildActionMask = 2147483647;
			files = (
				2D20F45E25BB9CFE00269CD9 /* OpenpayExampleTests.swift in Sources */,
			);
			runOnlyForDeploymentPostprocessing = 0;
		};
		2D20F46025BB9CFE00269CD9 /* Sources */ = {
			isa = PBXSourcesBuildPhase;
			buildActionMask = 2147483647;
			files = (
				2D20F46925BB9CFE00269CD9 /* OpenpayExampleUITests.swift in Sources */,
			);
			runOnlyForDeploymentPostprocessing = 0;
		};
/* End PBXSourcesBuildPhase section */

/* Begin PBXTargetDependency section */
		2D20F45B25BB9CFE00269CD9 /* PBXTargetDependency */ = {
			isa = PBXTargetDependency;
			target = 2D20F44225BB9CFC00269CD9 /* OpenpayExample */;
			targetProxy = 2D20F45A25BB9CFE00269CD9 /* PBXContainerItemProxy */;
		};
		2D20F46625BB9CFE00269CD9 /* PBXTargetDependency */ = {
			isa = PBXTargetDependency;
			target = 2D20F44225BB9CFC00269CD9 /* OpenpayExample */;
			targetProxy = 2D20F46525BB9CFE00269CD9 /* PBXContainerItemProxy */;
		};
/* End PBXTargetDependency section */

/* Begin PBXVariantGroup section */
		2D20F44C25BB9CFC00269CD9 /* Main.storyboard */ = {
			isa = PBXVariantGroup;
			children = (
				2D20F44D25BB9CFC00269CD9 /* Base */,
			);
			name = Main.storyboard;
			sourceTree = "<group>";
		};
		2D20F45125BB9CFE00269CD9 /* LaunchScreen.storyboard */ = {
			isa = PBXVariantGroup;
			children = (
				2D20F45225BB9CFE00269CD9 /* Base */,
			);
			name = LaunchScreen.storyboard;
			sourceTree = "<group>";
		};
/* End PBXVariantGroup section */

/* Begin XCBuildConfiguration section */
		2D20F46B25BB9CFE00269CD9 /* Debug */ = {
			isa = XCBuildConfiguration;
			buildSettings = {
				ALWAYS_SEARCH_USER_PATHS = NO;
				CLANG_ANALYZER_NONNULL = YES;
				CLANG_ANALYZER_NUMBER_OBJECT_CONVERSION = YES_AGGRESSIVE;
				CLANG_CXX_LANGUAGE_STANDARD = "gnu++14";
				CLANG_CXX_LIBRARY = "libc++";
				CLANG_ENABLE_MODULES = YES;
				CLANG_ENABLE_OBJC_ARC = YES;
				CLANG_ENABLE_OBJC_WEAK = YES;
				CLANG_WARN_BLOCK_CAPTURE_AUTORELEASING = YES;
				CLANG_WARN_BOOL_CONVERSION = YES;
				CLANG_WARN_COMMA = YES;
				CLANG_WARN_CONSTANT_CONVERSION = YES;
				CLANG_WARN_DEPRECATED_OBJC_IMPLEMENTATIONS = YES;
				CLANG_WARN_DIRECT_OBJC_ISA_USAGE = YES_ERROR;
				CLANG_WARN_DOCUMENTATION_COMMENTS = YES;
				CLANG_WARN_EMPTY_BODY = YES;
				CLANG_WARN_ENUM_CONVERSION = YES;
				CLANG_WARN_INFINITE_RECURSION = YES;
				CLANG_WARN_INT_CONVERSION = YES;
				CLANG_WARN_NON_LITERAL_NULL_CONVERSION = YES;
				CLANG_WARN_OBJC_IMPLICIT_RETAIN_SELF = YES;
				CLANG_WARN_OBJC_LITERAL_CONVERSION = YES;
				CLANG_WARN_OBJC_ROOT_CLASS = YES_ERROR;
				CLANG_WARN_QUOTED_INCLUDE_IN_FRAMEWORK_HEADER = YES;
				CLANG_WARN_RANGE_LOOP_ANALYSIS = YES;
				CLANG_WARN_STRICT_PROTOTYPES = YES;
				CLANG_WARN_SUSPICIOUS_MOVE = YES;
				CLANG_WARN_UNGUARDED_AVAILABILITY = YES_AGGRESSIVE;
				CLANG_WARN_UNREACHABLE_CODE = YES;
				CLANG_WARN__DUPLICATE_METHOD_MATCH = YES;
				COPY_PHASE_STRIP = NO;
				DEBUG_INFORMATION_FORMAT = dwarf;
				ENABLE_STRICT_OBJC_MSGSEND = YES;
				ENABLE_TESTABILITY = YES;
				GCC_C_LANGUAGE_STANDARD = gnu11;
				GCC_DYNAMIC_NO_PIC = NO;
				GCC_NO_COMMON_BLOCKS = YES;
				GCC_OPTIMIZATION_LEVEL = 0;
				GCC_PREPROCESSOR_DEFINITIONS = (
					"DEBUG=1",
					"$(inherited)",
				);
				GCC_WARN_64_TO_32_BIT_CONVERSION = YES;
				GCC_WARN_ABOUT_RETURN_TYPE = YES_ERROR;
				GCC_WARN_UNDECLARED_SELECTOR = YES;
				GCC_WARN_UNINITIALIZED_AUTOS = YES_AGGRESSIVE;
				GCC_WARN_UNUSED_FUNCTION = YES;
				GCC_WARN_UNUSED_VARIABLE = YES;
				IPHONEOS_DEPLOYMENT_TARGET = 14.3;
				MTL_ENABLE_DEBUG_INFO = INCLUDE_SOURCE;
				MTL_FAST_MATH = YES;
				ONLY_ACTIVE_ARCH = YES;
				SDKROOT = iphoneos;
				SWIFT_ACTIVE_COMPILATION_CONDITIONS = DEBUG;
				SWIFT_OPTIMIZATION_LEVEL = "-Onone";
			};
			name = Debug;
		};
		2D20F46C25BB9CFE00269CD9 /* Release */ = {
			isa = XCBuildConfiguration;
			buildSettings = {
				ALWAYS_SEARCH_USER_PATHS = NO;
				CLANG_ANALYZER_NONNULL = YES;
				CLANG_ANALYZER_NUMBER_OBJECT_CONVERSION = YES_AGGRESSIVE;
				CLANG_CXX_LANGUAGE_STANDARD = "gnu++14";
				CLANG_CXX_LIBRARY = "libc++";
				CLANG_ENABLE_MODULES = YES;
				CLANG_ENABLE_OBJC_ARC = YES;
				CLANG_ENABLE_OBJC_WEAK = YES;
				CLANG_WARN_BLOCK_CAPTURE_AUTORELEASING = YES;
				CLANG_WARN_BOOL_CONVERSION = YES;
				CLANG_WARN_COMMA = YES;
				CLANG_WARN_CONSTANT_CONVERSION = YES;
				CLANG_WARN_DEPRECATED_OBJC_IMPLEMENTATIONS = YES;
				CLANG_WARN_DIRECT_OBJC_ISA_USAGE = YES_ERROR;
				CLANG_WARN_DOCUMENTATION_COMMENTS = YES;
				CLANG_WARN_EMPTY_BODY = YES;
				CLANG_WARN_ENUM_CONVERSION = YES;
				CLANG_WARN_INFINITE_RECURSION = YES;
				CLANG_WARN_INT_CONVERSION = YES;
				CLANG_WARN_NON_LITERAL_NULL_CONVERSION = YES;
				CLANG_WARN_OBJC_IMPLICIT_RETAIN_SELF = YES;
				CLANG_WARN_OBJC_LITERAL_CONVERSION = YES;
				CLANG_WARN_OBJC_ROOT_CLASS = YES_ERROR;
				CLANG_WARN_QUOTED_INCLUDE_IN_FRAMEWORK_HEADER = YES;
				CLANG_WARN_RANGE_LOOP_ANALYSIS = YES;
				CLANG_WARN_STRICT_PROTOTYPES = YES;
				CLANG_WARN_SUSPICIOUS_MOVE = YES;
				CLANG_WARN_UNGUARDED_AVAILABILITY = YES_AGGRESSIVE;
				CLANG_WARN_UNREACHABLE_CODE = YES;
				CLANG_WARN__DUPLICATE_METHOD_MATCH = YES;
				COPY_PHASE_STRIP = NO;
				DEBUG_INFORMATION_FORMAT = "dwarf-with-dsym";
				ENABLE_NS_ASSERTIONS = NO;
				ENABLE_STRICT_OBJC_MSGSEND = YES;
				GCC_C_LANGUAGE_STANDARD = gnu11;
				GCC_NO_COMMON_BLOCKS = YES;
				GCC_WARN_64_TO_32_BIT_CONVERSION = YES;
				GCC_WARN_ABOUT_RETURN_TYPE = YES_ERROR;
				GCC_WARN_UNDECLARED_SELECTOR = YES;
				GCC_WARN_UNINITIALIZED_AUTOS = YES_AGGRESSIVE;
				GCC_WARN_UNUSED_FUNCTION = YES;
				GCC_WARN_UNUSED_VARIABLE = YES;
				IPHONEOS_DEPLOYMENT_TARGET = 14.3;
				MTL_ENABLE_DEBUG_INFO = NO;
				MTL_FAST_MATH = YES;
				SDKROOT = iphoneos;
				SWIFT_COMPILATION_MODE = wholemodule;
				SWIFT_OPTIMIZATION_LEVEL = "-O";
				VALIDATE_PRODUCT = YES;
			};
			name = Release;
		};
		2D20F46E25BB9CFE00269CD9 /* Debug */ = {
			isa = XCBuildConfiguration;
			buildSettings = {
				ASSETCATALOG_COMPILER_APPICON_NAME = AppIcon;
				ASSETCATALOG_COMPILER_GLOBAL_ACCENT_COLOR_NAME = AccentColor;
				CODE_SIGN_STYLE = Automatic;
				CURRENT_PROJECT_VERSION = 5;
				DEVELOPMENT_TEAM = VJH8MSURXG;
				FRAMEWORK_SEARCH_PATHS = (
					"$(inherited)",
					"$(PROJECT_DIR)",
					"$(PROJECT_DIR)/OpenpayExample",
				);
				INFOPLIST_FILE = OpenpayExample/Info.plist;
				LD_RUNPATH_SEARCH_PATHS = (
					"$(inherited)",
					"@executable_path/Frameworks",
				);
				MARKETING_VERSION = 3.0.0;
				ONLY_ACTIVE_ARCH = YES;
				PRODUCT_BUNDLE_IDENTIFIER = com.qrsof.openpay.library.OpenpayExample;
				PRODUCT_NAME = "$(TARGET_NAME)";
				SWIFT_VERSION = 5.0;
				TARGETED_DEVICE_FAMILY = "1,2";
				VALIDATE_WORKSPACE = YES;
			};
			name = Debug;
		};
		2D20F46F25BB9CFE00269CD9 /* Release */ = {
			isa = XCBuildConfiguration;
			buildSettings = {
				ASSETCATALOG_COMPILER_APPICON_NAME = AppIcon;
				ASSETCATALOG_COMPILER_GLOBAL_ACCENT_COLOR_NAME = AccentColor;
				CODE_SIGN_STYLE = Automatic;
				CURRENT_PROJECT_VERSION = 5;
				DEVELOPMENT_TEAM = VJH8MSURXG;
				FRAMEWORK_SEARCH_PATHS = (
					"$(inherited)",
					"$(PROJECT_DIR)",
					"$(PROJECT_DIR)/OpenpayExample",
				);
				INFOPLIST_FILE = OpenpayExample/Info.plist;
				LD_RUNPATH_SEARCH_PATHS = (
					"$(inherited)",
					"@executable_path/Frameworks",
				);
				MARKETING_VERSION = 3.0.0;
				ONLY_ACTIVE_ARCH = YES;
				PRODUCT_BUNDLE_IDENTIFIER = com.qrsof.openpay.library.OpenpayExample;
				PRODUCT_NAME = "$(TARGET_NAME)";
				SWIFT_VERSION = 5.0;
				TARGETED_DEVICE_FAMILY = "1,2";
				VALIDATE_WORKSPACE = YES;
			};
			name = Release;
		};
		2D20F47125BB9CFE00269CD9 /* Debug */ = {
			isa = XCBuildConfiguration;
			buildSettings = {
				ALWAYS_EMBED_SWIFT_STANDARD_LIBRARIES = YES;
				BUNDLE_LOADER = "$(TEST_HOST)";
				CODE_SIGN_STYLE = Automatic;
				DEVELOPMENT_TEAM = VJH8MSURXG;
				INFOPLIST_FILE = OpenpayExampleTests/Info.plist;
				IPHONEOS_DEPLOYMENT_TARGET = 14.3;
				LD_RUNPATH_SEARCH_PATHS = (
					"$(inherited)",
					"@executable_path/Frameworks",
					"@loader_path/Frameworks",
				);
				PRODUCT_BUNDLE_IDENTIFIER = com.qrsof.openpay.library.OpenpayExampleTests;
				PRODUCT_NAME = "$(TARGET_NAME)";
				SWIFT_VERSION = 5.0;
				TARGETED_DEVICE_FAMILY = "1,2";
				TEST_HOST = "$(BUILT_PRODUCTS_DIR)/OpenpayExample.app/OpenpayExample";
			};
			name = Debug;
		};
		2D20F47225BB9CFE00269CD9 /* Release */ = {
			isa = XCBuildConfiguration;
			buildSettings = {
				ALWAYS_EMBED_SWIFT_STANDARD_LIBRARIES = YES;
				BUNDLE_LOADER = "$(TEST_HOST)";
				CODE_SIGN_STYLE = Automatic;
				DEVELOPMENT_TEAM = VJH8MSURXG;
				INFOPLIST_FILE = OpenpayExampleTests/Info.plist;
				IPHONEOS_DEPLOYMENT_TARGET = 14.3;
				LD_RUNPATH_SEARCH_PATHS = (
					"$(inherited)",
					"@executable_path/Frameworks",
					"@loader_path/Frameworks",
				);
				PRODUCT_BUNDLE_IDENTIFIER = com.qrsof.openpay.library.OpenpayExampleTests;
				PRODUCT_NAME = "$(TARGET_NAME)";
				SWIFT_VERSION = 5.0;
				TARGETED_DEVICE_FAMILY = "1,2";
				TEST_HOST = "$(BUILT_PRODUCTS_DIR)/OpenpayExample.app/OpenpayExample";
			};
			name = Release;
		};
		2D20F47425BB9CFE00269CD9 /* Debug */ = {
			isa = XCBuildConfiguration;
			buildSettings = {
				ALWAYS_EMBED_SWIFT_STANDARD_LIBRARIES = YES;
				CODE_SIGN_STYLE = Automatic;
				DEVELOPMENT_TEAM = VJH8MSURXG;
				INFOPLIST_FILE = OpenpayExampleUITests/Info.plist;
				LD_RUNPATH_SEARCH_PATHS = (
					"$(inherited)",
					"@executable_path/Frameworks",
					"@loader_path/Frameworks",
				);
				PRODUCT_BUNDLE_IDENTIFIER = com.qrsof.openpay.library.OpenpayExampleUITests;
				PRODUCT_NAME = "$(TARGET_NAME)";
				SWIFT_VERSION = 5.0;
				TARGETED_DEVICE_FAMILY = "1,2";
				TEST_TARGET_NAME = OpenpayExample;
			};
			name = Debug;
		};
		2D20F47525BB9CFE00269CD9 /* Release */ = {
			isa = XCBuildConfiguration;
			buildSettings = {
				ALWAYS_EMBED_SWIFT_STANDARD_LIBRARIES = YES;
				CODE_SIGN_STYLE = Automatic;
				DEVELOPMENT_TEAM = VJH8MSURXG;
				INFOPLIST_FILE = OpenpayExampleUITests/Info.plist;
				LD_RUNPATH_SEARCH_PATHS = (
					"$(inherited)",
					"@executable_path/Frameworks",
					"@loader_path/Frameworks",
				);
				PRODUCT_BUNDLE_IDENTIFIER = com.qrsof.openpay.library.OpenpayExampleUITests;
				PRODUCT_NAME = "$(TARGET_NAME)";
				SWIFT_VERSION = 5.0;
				TARGETED_DEVICE_FAMILY = "1,2";
				TEST_TARGET_NAME = OpenpayExample;
			};
			name = Release;
		};
/* End XCBuildConfiguration section */

/* Begin XCConfigurationList section */
		2D20F43E25BB9CFC00269CD9 /* Build configuration list for PBXProject "OpenpayExample" */ = {
			isa = XCConfigurationList;
			buildConfigurations = (
				2D20F46B25BB9CFE00269CD9 /* Debug */,
				2D20F46C25BB9CFE00269CD9 /* Release */,
			);
			defaultConfigurationIsVisible = 0;
			defaultConfigurationName = Release;
		};
		2D20F46D25BB9CFE00269CD9 /* Build configuration list for PBXNativeTarget "OpenpayExample" */ = {
			isa = XCConfigurationList;
			buildConfigurations = (
				2D20F46E25BB9CFE00269CD9 /* Debug */,
				2D20F46F25BB9CFE00269CD9 /* Release */,
			);
			defaultConfigurationIsVisible = 0;
			defaultConfigurationName = Release;
		};
		2D20F47025BB9CFE00269CD9 /* Build configuration list for PBXNativeTarget "OpenpayExampleTests" */ = {
			isa = XCConfigurationList;
			buildConfigurations = (
				2D20F47125BB9CFE00269CD9 /* Debug */,
				2D20F47225BB9CFE00269CD9 /* Release */,
			);
			defaultConfigurationIsVisible = 0;
			defaultConfigurationName = Release;
		};
		2D20F47325BB9CFE00269CD9 /* Build configuration list for PBXNativeTarget "OpenpayExampleUITests" */ = {
			isa = XCConfigurationList;
			buildConfigurations = (
				2D20F47425BB9CFE00269CD9 /* Debug */,
				2D20F47525BB9CFE00269CD9 /* Release */,
			);
			defaultConfigurationIsVisible = 0;
			defaultConfigurationName = Release;
		};
/* End XCConfigurationList section */
	};
	rootObject = 2D20F43B25BB9CFC00269CD9 /* Project object */;
}
